
Microsoft Visual Studio Solution File, Format Version 12.00
# Visual Studio Version 16
VisualStudioVersion = 16.0.31129.286
MinimumVisualStudioVersion = 10.0.40219.1
Project("{FAE04EC0-301F-11D3-BF4B-00C04F79EFBC}") = "лаба1винда", "лаба1винда.csproj", "{A3A9D07D-B34E-4D58-9AA0-909F6B47C8FB}"
EndProject
Global
	GlobalSection(SolutionConfigurationPlatforms) = preSolution
		Debug|Any CPU = Debug|Any CPU
		Release|Any CPU = Release|Any CPU
	EndGlobalSection
	GlobalSection(ProjectConfigurationPlatforms) = postSolution
		{A3A9D07D-B34E-4D58-9AA0-909F6B47C8FB}.Debug|Any CPU.ActiveCfg = Debug|Any CPU
		{A3A9D07D-B34E-4D58-9AA0-909F6B47C8FB}.Debug|Any CPU.Build.0 = Debug|Any CPU
		{A3A9D07D-B34E-4D58-9AA0-909F6B47C8FB}.Release|Any CPU.ActiveCfg = Release|Any CPU
		{A3A9D07D-B34E-4D58-9AA0-909F6B47C8FB}.Release|Any CPU.Build.0 = Release|Any CPU
	EndGlobalSection
	GlobalSection(SolutionProperties) = preSolution
		HideSolutionNode = FALSE
	EndGlobalSection
	GlobalSection(ExtensibilityGlobals) = postSolution
		SolutionGuid = {66FA531C-2F7D-49B1-B0CC-66D21B855F75}
	EndGlobalSection
EndGlobal
